
Microsoft Visual Studio Solution File, Format Version 12.00
# Visual Studio 2012
Project("{FAE04EC0-301F-11D3-BF4B-00C04F79EFBC}") = "ProjetoBackEnd", "ProjetoBackEnd\ProjetoBackEnd.csproj", "{A3E70EB1-3CB2-4152-B3CA-8B2A73B3CCD7}"
EndProject
Project("{FAE04EC0-301F-11D3-BF4B-00C04F79EFBC}") = "ProjetoFrontEnd", "ProjetoFrontEnd\ProjetoFrontEnd.csproj", "{D19D0597-63C9-4307-9542-1EADFE173BE6}"
EndProject
Global
	GlobalSection(SolutionConfigurationPlatforms) = preSolution
		Debug|Any CPU = Debug|Any CPU
		Release|Any CPU = Release|Any CPU
	EndGlobalSection
	GlobalSection(ProjectConfigurationPlatforms) = postSolution
		{A3E70EB1-3CB2-4152-B3CA-8B2A73B3CCD7}.Debug|Any CPU.ActiveCfg = Debug|Any CPU
		{A3E70EB1-3CB2-4152-B3CA-8B2A73B3CCD7}.Debug|Any CPU.Build.0 = Debug|Any CPU
		{A3E70EB1-3CB2-4152-B3CA-8B2A73B3CCD7}.Release|Any CPU.ActiveCfg = Release|Any CPU
		{A3E70EB1-3CB2-4152-B3CA-8B2A73B3CCD7}.Release|Any CPU.Build.0 = Release|Any CPU
		{D19D0597-63C9-4307-9542-1EADFE173BE6}.Debug|Any CPU.ActiveCfg = Debug|Any CPU
		{D19D0597-63C9-4307-9542-1EADFE173BE6}.Debug|Any CPU.Build.0 = Debug|Any CPU
		{D19D0597-63C9-4307-9542-1EADFE173BE6}.Release|Any CPU.ActiveCfg = Release|Any CPU
		{D19D0597-63C9-4307-9542-1EADFE173BE6}.Release|Any CPU.Build.0 = Release|Any CPU
	EndGlobalSection
	GlobalSection(SolutionProperties) = preSolution
		HideSolutionNode = FALSE
	EndGlobalSection
EndGlobal
